
Microsoft Visual Studio Solution File, Format Version 12.00
# Visual Studio Version 16
VisualStudioVersion = 16.0.31005.135
MinimumVisualStudioVersion = 10.0.40219.1
Project("{FAE04EC0-301F-11D3-BF4B-00C04F79EFBC}") = "CloundRunWorkShareApi", "CloundRunWorkShareApi.csproj", "{274C7D21-B21C-439F-AB8D-BC93681C2DDA}"
EndProject
Global
	GlobalSection(SolutionConfigurationPlatforms) = preSolution
		Debug|Any CPU = Debug|Any CPU
		Release|Any CPU = Release|Any CPU
	EndGlobalSection
	GlobalSection(ProjectConfigurationPlatforms) = postSolution
		{274C7D21-B21C-439F-AB8D-BC93681C2DDA}.Debug|Any CPU.ActiveCfg = Debug|Any CPU
		{274C7D21-B21C-439F-AB8D-BC93681C2DDA}.Debug|Any CPU.Build.0 = Debug|Any CPU
		{274C7D21-B21C-439F-AB8D-BC93681C2DDA}.Release|Any CPU.ActiveCfg = Release|Any CPU
		{274C7D21-B21C-439F-AB8D-BC93681C2DDA}.Release|Any CPU.Build.0 = Release|Any CPU
	EndGlobalSection
	GlobalSection(SolutionProperties) = preSolution
		HideSolutionNode = FALSE
	EndGlobalSection
	GlobalSection(ExtensibilityGlobals) = postSolution
		SolutionGuid = {7930A130-9C70-43B4-B10E-23DCC018C997}
	EndGlobalSection
EndGlobal
